
Microsoft Visual Studio Solution File, Format Version 12.00
# Visual Studio Version 16
VisualStudioVersion = 16.0.31624.102
MinimumVisualStudioVersion = 10.0.40219.1
Project("{9A19103F-16F7-4668-BE54-9A1E7A4F7556}") = "Task1", "EVE3\Task1.csproj", "{03C49985-A724-4318-B773-A40E0342C1A5}"
EndProject
Project("{9A19103F-16F7-4668-BE54-9A1E7A4F7556}") = "Task2", "Task2\Task2.csproj", "{F4B53ED8-AF6B-47ED-BF5D-F3427CEE5787}"
EndProject
Project("{9A19103F-16F7-4668-BE54-9A1E7A4F7556}") = "Task13", "Task13\Task13.csproj", "{CA53FC17-5A7A-413C-A87C-181F477D1D12}"
EndProject
Project("{9A19103F-16F7-4668-BE54-9A1E7A4F7556}") = "Task15", "Task15\Task15.csproj", "{C1CB511A-DA29-4E6E-B51B-88C78D9DD74D}"
EndProject
Project("{9A19103F-16F7-4668-BE54-9A1E7A4F7556}") = "Task3", "Task3\Task3.csproj", "{169D1200-AB54-4E52-91C0-17EAB24DEC69}"
EndProject
Project("{9A19103F-16F7-4668-BE54-9A1E7A4F7556}") = "Task4", "Task4\Task4.csproj", "{7BB15869-E6B8-477A-8D2B-B89E399BFA9B}"
EndProject
Project("{9A19103F-16F7-4668-BE54-9A1E7A4F7556}") = "Task5", "Task5\Task5.csproj", "{D7499660-7A0A-47D7-BB84-414FF1CDCF5F}"
EndProject
Project("{9A19103F-16F7-4668-BE54-9A1E7A4F7556}") = "Task6", "Task6\Task6.csproj", "{F8407820-44DC-4F44-9023-64DC2909FA71}"
EndProject
Project("{9A19103F-16F7-4668-BE54-9A1E7A4F7556}") = "Task7", "Task7\Task7.csproj", "{DE529F89-6CB3-4352-A216-A89C14705D52}"
EndProject
Project("{9A19103F-16F7-4668-BE54-9A1E7A4F7556}") = "Task8", "Task8\Task8.csproj", "{42FFAF7F-69A8-4FBE-80E9-DA3DBEC76B3F}"
EndProject
Project("{9A19103F-16F7-4668-BE54-9A1E7A4F7556}") = "Task9", "Task9\Task9.csproj", "{40935C45-EA4F-4AAB-A1F2-93A42CA256EA}"
EndProject
Project("{9A19103F-16F7-4668-BE54-9A1E7A4F7556}") = "Task10", "Task10\Task10.csproj", "{07518479-4DBB-4193-900E-8CB61C97CF5D}"
EndProject
Project("{9A19103F-16F7-4668-BE54-9A1E7A4F7556}") = "Task11", "Task11\Task11.csproj", "{03AEDD70-EB9C-41E9-8B53-302F59ABFD9A}"
EndProject
Project("{9A19103F-16F7-4668-BE54-9A1E7A4F7556}") = "Task14", "Task14\Task14.csproj", "{8ACD8529-0A48-481C-ADFA-922E50C46A2C}"
EndProject
Project("{9A19103F-16F7-4668-BE54-9A1E7A4F7556}") = "Task16", "Task16\Task16.csproj", "{BB83FB27-3DE6-47EE-B1A3-A5D4A3C52F6F}"
EndProject
Project("{FAE04EC0-301F-11D3-BF4B-00C04F79EFBC}") = "Task12", "Task12\Task12.csproj", "{DC34AEC8-C470-44E3-8B44-9E356448E5B1}"
EndProject
Global
	GlobalSection(SolutionConfigurationPlatforms) = preSolution
		Debug|Any CPU = Debug|Any CPU
		Release|Any CPU = Release|Any CPU
	EndGlobalSection
	GlobalSection(ProjectConfigurationPlatforms) = postSolution
		{03C49985-A724-4318-B773-A40E0342C1A5}.Debug|Any CPU.ActiveCfg = Debug|Any CPU
		{03C49985-A724-4318-B773-A40E0342C1A5}.Debug|Any CPU.Build.0 = Debug|Any CPU
		{03C49985-A724-4318-B773-A40E0342C1A5}.Release|Any CPU.ActiveCfg = Release|Any CPU
		{03C49985-A724-4318-B773-A40E0342C1A5}.Release|Any CPU.Build.0 = Release|Any CPU
		{F4B53ED8-AF6B-47ED-BF5D-F3427CEE5787}.Debug|Any CPU.ActiveCfg = Debug|Any CPU
		{F4B53ED8-AF6B-47ED-BF5D-F3427CEE5787}.Debug|Any CPU.Build.0 = Debug|Any CPU
		{F4B53ED8-AF6B-47ED-BF5D-F3427CEE5787}.Release|Any CPU.ActiveCfg = Release|Any CPU
		{F4B53ED8-AF6B-47ED-BF5D-F3427CEE5787}.Release|Any CPU.Build.0 = Release|Any CPU
		{CA53FC17-5A7A-413C-A87C-181F477D1D12}.Debug|Any CPU.ActiveCfg = Debug|Any CPU
		{CA53FC17-5A7A-413C-A87C-181F477D1D12}.Debug|Any CPU.Build.0 = Debug|Any CPU
		{CA53FC17-5A7A-413C-A87C-181F477D1D12}.Release|Any CPU.ActiveCfg = Release|Any CPU
		{CA53FC17-5A7A-413C-A87C-181F477D1D12}.Release|Any CPU.Build.0 = Release|Any CPU
		{C1CB511A-DA29-4E6E-B51B-88C78D9DD74D}.Debug|Any CPU.ActiveCfg = Debug|Any CPU
		{C1CB511A-DA29-4E6E-B51B-88C78D9DD74D}.Debug|Any CPU.Build.0 = Debug|Any CPU
		{C1CB511A-DA29-4E6E-B51B-88C78D9DD74D}.Release|Any CPU.ActiveCfg = Release|Any CPU
		{C1CB511A-DA29-4E6E-B51B-88C78D9DD74D}.Release|Any CPU.Build.0 = Release|Any CPU
		{169D1200-AB54-4E52-91C0-17EAB24DEC69}.Debug|Any CPU.ActiveCfg = Debug|Any CPU
		{169D1200-AB54-4E52-91C0-17EAB24DEC69}.Debug|Any CPU.Build.0 = Debug|Any CPU
		{169D1200-AB54-4E52-91C0-17EAB24DEC69}.Release|Any CPU.ActiveCfg = Release|Any CPU
		{169D1200-AB54-4E52-91C0-17EAB24DEC69}.Release|Any CPU.Build.0 = Release|Any CPU
		{7BB15869-E6B8-477A-8D2B-B89E399BFA9B}.Debug|Any CPU.ActiveCfg = Debug|Any CPU
		{7BB15869-E6B8-477A-8D2B-B89E399BFA9B}.Debug|Any CPU.Build.0 = Debug|Any CPU
		{7BB15869-E6B8-477A-8D2B-B89E399BFA9B}.Release|Any CPU.ActiveCfg = Release|Any CPU
		{7BB15869-E6B8-477A-8D2B-B89E399BFA9B}.Release|Any CPU.Build.0 = Release|Any CPU
		{D7499660-7A0A-47D7-BB84-414FF1CDCF5F}.Debug|Any CPU.ActiveCfg = Debug|Any CPU
		{D7499660-7A0A-47D7-BB84-414FF1CDCF5F}.Debug|Any CPU.Build.0 = Debug|Any CPU
		{D7499660-7A0A-47D7-BB84-414FF1CDCF5F}.Release|Any CPU.ActiveCfg = Release|Any CPU
		{D7499660-7A0A-47D7-BB84-414FF1CDCF5F}.Release|Any CPU.Build.0 = Release|Any CPU
		{F8407820-44DC-4F44-9023-64DC2909FA71}.Debug|Any CPU.ActiveCfg = Debug|Any CPU
		{F8407820-44DC-4F44-9023-64DC2909FA71}.Debug|Any CPU.Build.0 = Debug|Any CPU
		{F8407820-44DC-4F44-9023-64DC2909FA71}.Release|Any CPU.ActiveCfg = Release|Any CPU
		{F8407820-44DC-4F44-9023-64DC2909FA71}.Release|Any CPU.Build.0 = Release|Any CPU
		{DE529F89-6CB3-4352-A216-A89C14705D52}.Debug|Any CPU.ActiveCfg = Debug|Any CPU
		{DE529F89-6CB3-4352-A216-A89C14705D52}.Debug|Any CPU.Build.0 = Debug|Any CPU
		{DE529F89-6CB3-4352-A216-A89C14705D52}.Release|Any CPU.ActiveCfg = Release|Any CPU
		{DE529F89-6CB3-4352-A216-A89C14705D52}.Release|Any CPU.Build.0 = Release|Any CPU
		{42FFAF7F-69A8-4FBE-80E9-DA3DBEC76B3F}.Debug|Any CPU.ActiveCfg = Debug|Any CPU
		{42FFAF7F-69A8-4FBE-80E9-DA3DBEC76B3F}.Debug|Any CPU.Build.0 = Debug|Any CPU
		{42FFAF7F-69A8-4FBE-80E9-DA3DBEC76B3F}.Release|Any CPU.ActiveCfg = Release|Any CPU
		{42FFAF7F-69A8-4FBE-80E9-DA3DBEC76B3F}.Release|Any CPU.Build.0 = Release|Any CPU
		{40935C45-EA4F-4AAB-A1F2-93A42CA256EA}.Debug|Any CPU.ActiveCfg = Debug|Any CPU
		{40935C45-EA4F-4AAB-A1F2-93A42CA256EA}.Debug|Any CPU.Build.0 = Debug|Any CPU
		{40935C45-EA4F-4AAB-A1F2-93A42CA256EA}.Release|Any CPU.ActiveCfg = Release|Any CPU
		{40935C45-EA4F-4AAB-A1F2-93A42CA256EA}.Release|Any CPU.Build.0 = Release|Any CPU
		{07518479-4DBB-4193-900E-8CB61C97CF5D}.Debug|Any CPU.ActiveCfg = Debug|Any CPU
		{07518479-4DBB-4193-900E-8CB61C97CF5D}.Debug|Any CPU.Build.0 = Debug|Any CPU
		{07518479-4DBB-4193-900E-8CB61C97CF5D}.Release|Any CPU.ActiveCfg = Release|Any CPU
		{07518479-4DBB-4193-900E-8CB61C97CF5D}.Release|Any CPU.Build.0 = Release|Any CPU
		{03AEDD70-EB9C-41E9-8B53-302F59ABFD9A}.Debug|Any CPU.ActiveCfg = Debug|Any CPU
		{03AEDD70-EB9C-41E9-8B53-302F59ABFD9A}.Debug|Any CPU.Build.0 = Debug|Any CPU
		{03AEDD70-EB9C-41E9-8B53-302F59ABFD9A}.Release|Any CPU.ActiveCfg = Release|Any CPU
		{03AEDD70-EB9C-41E9-8B53-302F59ABFD9A}.Release|Any CPU.Build.0 = Release|Any CPU
		{8ACD8529-0A48-481C-ADFA-922E50C46A2C}.Debug|Any CPU.ActiveCfg = Debug|Any CPU
		{8ACD8529-0A48-481C-ADFA-922E50C46A2C}.Debug|Any CPU.Build.0 = Debug|Any CPU
		{8ACD8529-0A48-481C-ADFA-922E50C46A2C}.Release|Any CPU.ActiveCfg = Release|Any CPU
		{8ACD8529-0A48-481C-ADFA-922E50C46A2C}.Release|Any CPU.Build.0 = Release|Any CPU
		{BB83FB27-3DE6-47EE-B1A3-A5D4A3C52F6F}.Debug|Any CPU.ActiveCfg = Debug|Any CPU
		{BB83FB27-3DE6-47EE-B1A3-A5D4A3C52F6F}.Debug|Any CPU.Build.0 = Debug|Any CPU
		{BB83FB27-3DE6-47EE-B1A3-A5D4A3C52F6F}.Release|Any CPU.ActiveCfg = Release|Any CPU
		{BB83FB27-3DE6-47EE-B1A3-A5D4A3C52F6F}.Release|Any CPU.Build.0 = Release|Any CPU
		{DC34AEC8-C470-44E3-8B44-9E356448E5B1}.Debug|Any CPU.ActiveCfg = Debug|Any CPU
		{DC34AEC8-C470-44E3-8B44-9E356448E5B1}.Debug|Any CPU.Build.0 = Debug|Any CPU
		{DC34AEC8-C470-44E3-8B44-9E356448E5B1}.Release|Any CPU.ActiveCfg = Release|Any CPU
		{DC34AEC8-C470-44E3-8B44-9E356448E5B1}.Release|Any CPU.Build.0 = Release|Any CPU
	EndGlobalSection
	GlobalSection(SolutionProperties) = preSolution
		HideSolutionNode = FALSE
	EndGlobalSection
	GlobalSection(ExtensibilityGlobals) = postSolution
		SolutionGuid = {30884CB9-1650-47AF-8166-2DDFAA949368}
	EndGlobalSection
EndGlobal
